
Microsoft Visual Studio Solution File, Format Version 12.00
# Visual Studio Version 16
VisualStudioVersion = 16.0.29709.97
MinimumVisualStudioVersion = 10.0.40219.1
Project("{FAE04EC0-301F-11D3-BF4B-00C04F79EFBC}") = "Stub", "Stub\Stub.csproj", "{8A87B003-4B43-467B-A509-0C8BE05BF5A5}"
EndProject
Project("{FAE04EC0-301F-11D3-BF4B-00C04F79EFBC}") = "GUI", "GUI\GUI.csproj", "{80B13BFF-24A5-4193-8E51-C62A414060EC}"
EndProject
Global
	GlobalSection(SolutionConfigurationPlatforms) = preSolution
		Debug|Any CPU = Debug|Any CPU
		Release|Any CPU = Release|Any CPU
	EndGlobalSection
	GlobalSection(ProjectConfigurationPlatforms) = postSolution
		{8A87B003-4B43-467B-A509-0C8BE05BF5A5}.Debug|Any CPU.ActiveCfg = Debug|Any CPU
		{8A87B003-4B43-467B-A509-0C8BE05BF5A5}.Debug|Any CPU.Build.0 = Debug|Any CPU
		{8A87B003-4B43-467B-A509-0C8BE05BF5A5}.Release|Any CPU.ActiveCfg = Release|Any CPU
		{8A87B003-4B43-467B-A509-0C8BE05BF5A5}.Release|Any CPU.Build.0 = Release|Any CPU
		{80B13BFF-24A5-4193-8E51-C62A414060EC}.Debug|Any CPU.ActiveCfg = Debug|Any CPU
		{80B13BFF-24A5-4193-8E51-C62A414060EC}.Debug|Any CPU.Build.0 = Debug|Any CPU
		{80B13BFF-24A5-4193-8E51-C62A414060EC}.Release|Any CPU.ActiveCfg = Release|Any CPU
		{80B13BFF-24A5-4193-8E51-C62A414060EC}.Release|Any CPU.Build.0 = Release|Any CPU
	EndGlobalSection
	GlobalSection(SolutionProperties) = preSolution
		HideSolutionNode = FALSE
	EndGlobalSection
	GlobalSection(ExtensibilityGlobals) = postSolution
		SolutionGuid = {38F8DF0D-3A8A-4B21-98C9-A72389C0F72D}
	EndGlobalSection
EndGlobal
